
Microsoft Visual Studio Solution File, Format Version 12.00
# Visual Studio Version 17
VisualStudioVersion = 17.4.33122.133
MinimumVisualStudioVersion = 10.0.40219.1
Project("{2150E333-8FDC-42A3-9474-1A3956D46DE8}") = "Common", "Common", "{93C73210-038F-41FA-8CCA-A2C4BFAD24B4}"
EndProject
Project("{2150E333-8FDC-42A3-9474-1A3956D46DE8}") = "Base", "Base", "{AD63ABE2-EF8E-4521-A91A-8D1187DE1E15}"
EndProject
Project("{2150E333-8FDC-42A3-9474-1A3956D46DE8}") = "Gateway", "Gateway", "{3A9C9117-6720-40D6-B2BF-D6ECF4695FCD}"
EndProject
Project("{2150E333-8FDC-42A3-9474-1A3956D46DE8}") = "Identity", "Identity", "{B4A1F411-59A0-42E5-9D72-6380E211054A}"
EndProject
Project("{2150E333-8FDC-42A3-9474-1A3956D46DE8}") = "User", "User", "{87A4E4AF-D5EB-4851-8486-C6205869FD08}"
EndProject
Project("{9A19103F-16F7-4668-BE54-9A1E7A4F7556}") = "Micro.Common", "Common\Micro.Common\Micro.Common.csproj", "{1EF780BE-4D42-433C-9AF6-F3E8308EABDC}"
EndProject
Project("{9A19103F-16F7-4668-BE54-9A1E7A4F7556}") = "Micro.Framework", "Common\Micro.Framework\Micro.Framework.csproj", "{0592440A-2795-4156-AC0C-655B2D6AED36}"
EndProject
Project("{9A19103F-16F7-4668-BE54-9A1E7A4F7556}") = "Micro.Business", "Common\Micro.Business\Micro.Business.csproj", "{943EC93F-BF99-42A9-84A7-DE790F22FBC3}"
EndProject
Project("{9A19103F-16F7-4668-BE54-9A1E7A4F7556}") = "Micro.BaseService.Model", "Base\Micro.BaseService.Model\Micro.BaseService.Model.csproj", "{E2692AE1-1402-4BEB-B865-7665C0D676CD}"
EndProject
Project("{9A19103F-16F7-4668-BE54-9A1E7A4F7556}") = "Micro.BaseService.Dal", "Base\Micro.BaseService.Dal\Micro.BaseService.Dal.csproj", "{CFB042F3-F69C-44A1-ACA9-B0F8997C4CAF}"
EndProject
Project("{9A19103F-16F7-4668-BE54-9A1E7A4F7556}") = "Micro.BaseService.Bll", "Base\Micro.BaseService.Bll\Micro.BaseService.Bll.csproj", "{535ECF3E-EE95-4FAA-B4A7-1921EFF0F958}"
EndProject
Project("{9A19103F-16F7-4668-BE54-9A1E7A4F7556}") = "Micro.BaseService.Behand", "Base\Micro.BaseService.Behand\Micro.BaseService.Behand.csproj", "{38AF1C54-36DE-42D9-A8CD-B76FBC09624B}"
EndProject
Project("{FAE04EC0-301F-11D3-BF4B-00C04F79EFBC}") = "Micro.UserService.Model", "User\Micro.UserService.Model\Micro.UserService.Model.csproj", "{6385703A-863D-402F-99A1-C6DC2E20A1C1}"
EndProject
Project("{FAE04EC0-301F-11D3-BF4B-00C04F79EFBC}") = "Micro.UserService.Dal", "User\Micro.UserService.Dal\Micro.UserService.Dal.csproj", "{B5012EFF-5D33-4C14-B799-001722DB6517}"
EndProject
Project("{FAE04EC0-301F-11D3-BF4B-00C04F79EFBC}") = "Micro.UserService.Bll", "User\Micro.UserService.Bll\Micro.UserService.Bll.csproj", "{E40F2FFB-5174-4A08-92C9-26F642D9DBEE}"
EndProject
Project("{FAE04EC0-301F-11D3-BF4B-00C04F79EFBC}") = "Micro.UserService.Behand", "User\Micro.UserService.Behand\Micro.UserService.Behand.csproj", "{0380EB25-4083-4022-9EAF-205E5CC1543A}"
EndProject
Project("{FAE04EC0-301F-11D3-BF4B-00C04F79EFBC}") = "Micro.Gateway", "Gateway\Micro.Gateway\Micro.Gateway.csproj", "{5F99A08A-9AF5-4CD4-86CF-AC4EFC945D84}"
EndProject
Project("{FAE04EC0-301F-11D3-BF4B-00C04F79EFBC}") = "Micro.Identity", "Identity\Micro.Identity\Micro.Identity.csproj", "{CD651142-A6AE-42BA-90AA-247985BEEE91}"
EndProject
Global
	GlobalSection(SolutionConfigurationPlatforms) = preSolution
		Debug|Any CPU = Debug|Any CPU
		Release|Any CPU = Release|Any CPU
	EndGlobalSection
	GlobalSection(ProjectConfigurationPlatforms) = postSolution
		{1EF780BE-4D42-433C-9AF6-F3E8308EABDC}.Debug|Any CPU.ActiveCfg = Debug|Any CPU
		{1EF780BE-4D42-433C-9AF6-F3E8308EABDC}.Debug|Any CPU.Build.0 = Debug|Any CPU
		{1EF780BE-4D42-433C-9AF6-F3E8308EABDC}.Release|Any CPU.ActiveCfg = Release|Any CPU
		{1EF780BE-4D42-433C-9AF6-F3E8308EABDC}.Release|Any CPU.Build.0 = Release|Any CPU
		{0592440A-2795-4156-AC0C-655B2D6AED36}.Debug|Any CPU.ActiveCfg = Debug|Any CPU
		{0592440A-2795-4156-AC0C-655B2D6AED36}.Debug|Any CPU.Build.0 = Debug|Any CPU
		{0592440A-2795-4156-AC0C-655B2D6AED36}.Release|Any CPU.ActiveCfg = Release|Any CPU
		{0592440A-2795-4156-AC0C-655B2D6AED36}.Release|Any CPU.Build.0 = Release|Any CPU
		{943EC93F-BF99-42A9-84A7-DE790F22FBC3}.Debug|Any CPU.ActiveCfg = Debug|Any CPU
		{943EC93F-BF99-42A9-84A7-DE790F22FBC3}.Debug|Any CPU.Build.0 = Debug|Any CPU
		{943EC93F-BF99-42A9-84A7-DE790F22FBC3}.Release|Any CPU.ActiveCfg = Release|Any CPU
		{943EC93F-BF99-42A9-84A7-DE790F22FBC3}.Release|Any CPU.Build.0 = Release|Any CPU
		{E2692AE1-1402-4BEB-B865-7665C0D676CD}.Debug|Any CPU.ActiveCfg = Debug|Any CPU
		{E2692AE1-1402-4BEB-B865-7665C0D676CD}.Debug|Any CPU.Build.0 = Debug|Any CPU
		{E2692AE1-1402-4BEB-B865-7665C0D676CD}.Release|Any CPU.ActiveCfg = Release|Any CPU
		{E2692AE1-1402-4BEB-B865-7665C0D676CD}.Release|Any CPU.Build.0 = Release|Any CPU
		{CFB042F3-F69C-44A1-ACA9-B0F8997C4CAF}.Debug|Any CPU.ActiveCfg = Debug|Any CPU
		{CFB042F3-F69C-44A1-ACA9-B0F8997C4CAF}.Debug|Any CPU.Build.0 = Debug|Any CPU
		{CFB042F3-F69C-44A1-ACA9-B0F8997C4CAF}.Release|Any CPU.ActiveCfg = Release|Any CPU
		{CFB042F3-F69C-44A1-ACA9-B0F8997C4CAF}.Release|Any CPU.Build.0 = Release|Any CPU
		{535ECF3E-EE95-4FAA-B4A7-1921EFF0F958}.Debug|Any CPU.ActiveCfg = Debug|Any CPU
		{535ECF3E-EE95-4FAA-B4A7-1921EFF0F958}.Debug|Any CPU.Build.0 = Debug|Any CPU
		{535ECF3E-EE95-4FAA-B4A7-1921EFF0F958}.Release|Any CPU.ActiveCfg = Release|Any CPU
		{535ECF3E-EE95-4FAA-B4A7-1921EFF0F958}.Release|Any CPU.Build.0 = Release|Any CPU
		{38AF1C54-36DE-42D9-A8CD-B76FBC09624B}.Debug|Any CPU.ActiveCfg = Debug|Any CPU
		{38AF1C54-36DE-42D9-A8CD-B76FBC09624B}.Debug|Any CPU.Build.0 = Debug|Any CPU
		{38AF1C54-36DE-42D9-A8CD-B76FBC09624B}.Release|Any CPU.ActiveCfg = Release|Any CPU
		{38AF1C54-36DE-42D9-A8CD-B76FBC09624B}.Release|Any CPU.Build.0 = Release|Any CPU
		{6385703A-863D-402F-99A1-C6DC2E20A1C1}.Debug|Any CPU.ActiveCfg = Debug|Any CPU
		{6385703A-863D-402F-99A1-C6DC2E20A1C1}.Debug|Any CPU.Build.0 = Debug|Any CPU
		{6385703A-863D-402F-99A1-C6DC2E20A1C1}.Release|Any CPU.ActiveCfg = Release|Any CPU
		{6385703A-863D-402F-99A1-C6DC2E20A1C1}.Release|Any CPU.Build.0 = Release|Any CPU
		{B5012EFF-5D33-4C14-B799-001722DB6517}.Debug|Any CPU.ActiveCfg = Debug|Any CPU
		{B5012EFF-5D33-4C14-B799-001722DB6517}.Debug|Any CPU.Build.0 = Debug|Any CPU
		{B5012EFF-5D33-4C14-B799-001722DB6517}.Release|Any CPU.ActiveCfg = Release|Any CPU
		{B5012EFF-5D33-4C14-B799-001722DB6517}.Release|Any CPU.Build.0 = Release|Any CPU
		{E40F2FFB-5174-4A08-92C9-26F642D9DBEE}.Debug|Any CPU.ActiveCfg = Debug|Any CPU
		{E40F2FFB-5174-4A08-92C9-26F642D9DBEE}.Debug|Any CPU.Build.0 = Debug|Any CPU
		{E40F2FFB-5174-4A08-92C9-26F642D9DBEE}.Release|Any CPU.ActiveCfg = Release|Any CPU
		{E40F2FFB-5174-4A08-92C9-26F642D9DBEE}.Release|Any CPU.Build.0 = Release|Any CPU
		{0380EB25-4083-4022-9EAF-205E5CC1543A}.Debug|Any CPU.ActiveCfg = Debug|Any CPU
		{0380EB25-4083-4022-9EAF-205E5CC1543A}.Debug|Any CPU.Build.0 = Debug|Any CPU
		{0380EB25-4083-4022-9EAF-205E5CC1543A}.Release|Any CPU.ActiveCfg = Release|Any CPU
		{0380EB25-4083-4022-9EAF-205E5CC1543A}.Release|Any CPU.Build.0 = Release|Any CPU
		{5F99A08A-9AF5-4CD4-86CF-AC4EFC945D84}.Debug|Any CPU.ActiveCfg = Debug|Any CPU
		{5F99A08A-9AF5-4CD4-86CF-AC4EFC945D84}.Debug|Any CPU.Build.0 = Debug|Any CPU
		{5F99A08A-9AF5-4CD4-86CF-AC4EFC945D84}.Release|Any CPU.ActiveCfg = Release|Any CPU
		{5F99A08A-9AF5-4CD4-86CF-AC4EFC945D84}.Release|Any CPU.Build.0 = Release|Any CPU
		{CD651142-A6AE-42BA-90AA-247985BEEE91}.Debug|Any CPU.ActiveCfg = Debug|Any CPU
		{CD651142-A6AE-42BA-90AA-247985BEEE91}.Debug|Any CPU.Build.0 = Debug|Any CPU
		{CD651142-A6AE-42BA-90AA-247985BEEE91}.Release|Any CPU.ActiveCfg = Release|Any CPU
		{CD651142-A6AE-42BA-90AA-247985BEEE91}.Release|Any CPU.Build.0 = Release|Any CPU
	EndGlobalSection
	GlobalSection(SolutionProperties) = preSolution
		HideSolutionNode = FALSE
	EndGlobalSection
	GlobalSection(NestedProjects) = preSolution
		{1EF780BE-4D42-433C-9AF6-F3E8308EABDC} = {93C73210-038F-41FA-8CCA-A2C4BFAD24B4}
		{0592440A-2795-4156-AC0C-655B2D6AED36} = {93C73210-038F-41FA-8CCA-A2C4BFAD24B4}
		{943EC93F-BF99-42A9-84A7-DE790F22FBC3} = {93C73210-038F-41FA-8CCA-A2C4BFAD24B4}
		{E2692AE1-1402-4BEB-B865-7665C0D676CD} = {AD63ABE2-EF8E-4521-A91A-8D1187DE1E15}
		{CFB042F3-F69C-44A1-ACA9-B0F8997C4CAF} = {AD63ABE2-EF8E-4521-A91A-8D1187DE1E15}
		{535ECF3E-EE95-4FAA-B4A7-1921EFF0F958} = {AD63ABE2-EF8E-4521-A91A-8D1187DE1E15}
		{38AF1C54-36DE-42D9-A8CD-B76FBC09624B} = {AD63ABE2-EF8E-4521-A91A-8D1187DE1E15}
		{6385703A-863D-402F-99A1-C6DC2E20A1C1} = {87A4E4AF-D5EB-4851-8486-C6205869FD08}
		{B5012EFF-5D33-4C14-B799-001722DB6517} = {87A4E4AF-D5EB-4851-8486-C6205869FD08}
		{E40F2FFB-5174-4A08-92C9-26F642D9DBEE} = {87A4E4AF-D5EB-4851-8486-C6205869FD08}
		{0380EB25-4083-4022-9EAF-205E5CC1543A} = {87A4E4AF-D5EB-4851-8486-C6205869FD08}
		{5F99A08A-9AF5-4CD4-86CF-AC4EFC945D84} = {3A9C9117-6720-40D6-B2BF-D6ECF4695FCD}
		{CD651142-A6AE-42BA-90AA-247985BEEE91} = {B4A1F411-59A0-42E5-9D72-6380E211054A}
	EndGlobalSection
	GlobalSection(ExtensibilityGlobals) = postSolution
		SolutionGuid = {229B4DDE-BC82-498B-AA3E-0E8F5A8EE7A0}
	EndGlobalSection
EndGlobal
